{
  "name": "test",
  "lockfileVersion": 2,
  "requires": true,
  "packages": {
    "": {
      "dependencies": {
        "kvz-transliteration": "^1.0.4"
      }
    },
    "node_modules/kvz-transliteration": {
      "version": "1.0.4",
      "resolved": "https://registry.npmjs.org/kvz-transliteration/-/kvz-transliteration-1.0.4.tgz",
      "integrity": "sha512-TVKHn86j/t5u2+xLet9OEOO/gKOibjpZbGaEFBwLXUrP8fGVLdWvzDPgmg4V0MPH1FT5mdHZ5Bna8sK48qzJ1Q=="
    }
  },
  "dependencies": {
    "kvz-transliteration": {
      "version": "1.0.4",
      "resolved": "https://registry.npmjs.org/kvz-transliteration/-/kvz-transliteration-1.0.4.tgz",
      "integrity": "sha512-TVKHn86j/t5u2+xLet9OEOO/gKOibjpZbGaEFBwLXUrP8fGVLdWvzDPgmg4V0MPH1FT5mdHZ5Bna8sK48qzJ1Q=="
    }
  }
}
